
Microsoft Visual Studio Solution File, Format Version 12.00
# Visual Studio Version 17
VisualStudioVersion = 17.10.35122.118
MinimumVisualStudioVersion = 10.0.40219.1
Project("{FAE04EC0-301F-11D3-BF4B-00C04F79EFBC}") = "MassAssignmentAttacks", "MassAssignmentAttacks\MassAssignmentAttacks.csproj", "{FD7538E4-588C-4068-BC83-FAC3819CA606}"
EndProject
Global
	GlobalSection(SolutionConfigurationPlatforms) = preSolution
		Debug|Any CPU = Debug|Any CPU
		Release|Any CPU = Release|Any CPU
	EndGlobalSection
	GlobalSection(ProjectConfigurationPlatforms) = postSolution
		{FD7538E4-588C-4068-BC83-FAC3819CA606}.Debug|Any CPU.ActiveCfg = Debug|Any CPU
		{FD7538E4-588C-4068-BC83-FAC3819CA606}.Debug|Any CPU.Build.0 = Debug|Any CPU
		{FD7538E4-588C-4068-BC83-FAC3819CA606}.Release|Any CPU.ActiveCfg = Release|Any CPU
		{FD7538E4-588C-4068-BC83-FAC3819CA606}.Release|Any CPU.Build.0 = Release|Any CPU
	EndGlobalSection
	GlobalSection(SolutionProperties) = preSolution
		HideSolutionNode = FALSE
	EndGlobalSection
	GlobalSection(ExtensibilityGlobals) = postSolution
		SolutionGuid = {1430356C-DD2F-42ED-9C5F-5A22398172EC}
	EndGlobalSection
EndGlobal
